#
# This file is autogenerated by pip-compile with Python 3.12
# by the following command:
#
#    pip-compile --output-file=requirements.lock --strip-extras pyproject.toml
#
alembic==1.19.1
    # via breachsim-backend (pyproject.toml)
annotated-doc==0.0.5
    # via fastapi
annotated-types==0.8.0
    # via pydantic
anyio==4.14.2
    # via
    #   httpx
    #   starlette
    #   watchfiles
azure-core==1.41.0
    # via
    #   azure-identity
    #   azure-keyvault-secrets
    #   azure-servicebus
    #   azure-storage-blob
azure-identity==1.25.3
    # via breachsim-backend (pyproject.toml)
azure-keyvault-secrets==4.11.1
    # via breachsim-backend (pyproject.toml)
azure-servicebus==7.14.3
    # via breachsim-backend (pyproject.toml)
azure-storage-blob==12.30.0
    # via breachsim-backend (pyproject.toml)
certifi==2026.7.22
    # via
    #   httpcore
    #   httpx
    #   requests
cffi==2.1.1
    # via cryptography
charset-normalizer==3.5.1
    # via requests
click==8.4.2
    # via
    #   rq
    #   uvicorn
colorama==0.4.6
    # via
    #   click
    #   qrcode
croniter==6.2.4
    # via rq
cryptography==50.0.0
    # via
    #   azure-identity
    #   azure-storage-blob
    #   breachsim-backend (pyproject.toml)
    #   google-auth
    #   joserfc
    #   msal
    #   pyjwt
dnspython==2.8.0
    # via
    #   breachsim-backend (pyproject.toml)
    #   email-validator
email-validator==2.3.0
    # via breachsim-backend (pyproject.toml)
fastapi==0.141.1
    # via breachsim-backend (pyproject.toml)
google-auth==2.56.3
    # via breachsim-backend (pyproject.toml)
greenlet==3.5.5
    # via sqlalchemy
h11==0.16.0
    # via
    #   httpcore
    #   uvicorn
httpcore==1.0.9
    # via httpx
httptools==0.8.0
    # via uvicorn
httpx==0.28.1
    # via breachsim-backend (pyproject.toml)
idna==3.19
    # via
    #   anyio
    #   email-validator
    #   httpx
    #   requests
isodate==0.7.2
    # via
    #   azure-keyvault-secrets
    #   azure-servicebus
    #   azure-storage-blob
joserfc==1.7.4
    # via breachsim-backend (pyproject.toml)
mako==1.4.1
    # via alembic
markupsafe==3.0.3
    # via mako
msal==1.37.0
    # via
    #   azure-identity
    #   msal-extensions
msal-extensions==1.3.1
    # via azure-identity
pillow==12.3.0
    # via qrcode
psycopg==3.3.4
    # via breachsim-backend (pyproject.toml)
psycopg-binary==3.3.4
    # via psycopg
pyasn1==0.6.4
    # via pyasn1-modules
pyasn1-modules==0.4.2
    # via google-auth
pycparser==3.0
    # via cffi
pydantic==2.13.4
    # via
    #   fastapi
    #   pydantic-settings
pydantic-core==2.46.4
    # via pydantic
pydantic-settings==2.15.0
    # via breachsim-backend (pyproject.toml)
pyjwt==2.13.0
    # via
    #   breachsim-backend (pyproject.toml)
    #   msal
pyotp==2.10.0
    # via breachsim-backend (pyproject.toml)
python-dateutil==2.9.0.post0
    # via croniter
python-dotenv==1.2.3
    # via
    #   pydantic-settings
    #   uvicorn
python-multipart==0.0.32
    # via breachsim-backend (pyproject.toml)
pyyaml==6.0.3
    # via uvicorn
qrcode==8.2
    # via breachsim-backend (pyproject.toml)
redis==8.1.0
    # via
    #   breachsim-backend (pyproject.toml)
    #   rq
requests==2.34.2
    # via
    #   azure-core
    #   breachsim-backend (pyproject.toml)
    #   msal
rq==2.11.0
    # via breachsim-backend (pyproject.toml)
six==1.17.0
    # via python-dateutil
sqlalchemy==2.0.52
    # via
    #   alembic
    #   breachsim-backend (pyproject.toml)
starlette==1.6.0
    # via fastapi
typing-extensions==4.16.0
    # via
    #   alembic
    #   anyio
    #   azure-core
    #   azure-identity
    #   azure-keyvault-secrets
    #   azure-servicebus
    #   azure-storage-blob
    #   fastapi
    #   psycopg
    #   pydantic
    #   pydantic-core
    #   sqlalchemy
    #   starlette
    #   typing-inspection
typing-inspection==0.4.4
    # via
    #   fastapi
    #   pydantic
    #   pydantic-settings
tzdata==2026.3
    # via psycopg
urllib3==2.7.0
    # via requests
uvicorn==0.52.3
    # via breachsim-backend (pyproject.toml)
watchfiles==1.2.0
    # via uvicorn
websockets==17.0.1
    # via uvicorn
